
Microsoft Visual Studio Solution File, Format Version 12.00
# Visual Studio Version 17
VisualStudioVersion = 17.0.31903.59
MinimumVisualStudioVersion = 10.0.40219.1
Project("{2150E333-8FDC-42A3-9474-1A3956D46DE8}") = "src", "src", "{C0F51D84-F4EA-49EC-8597-B07673F3E6D9}"
EndProject
Project("{FAE04EC0-301F-11D3-BF4B-00C04F79EFBC}") = "MasterNet.WebApi", "src\MasterNet.WebApi\MasterNet.WebApi.csproj", "{C4466223-4C58-4851-87DE-B4D183192003}"
EndProject
Project("{FAE04EC0-301F-11D3-BF4B-00C04F79EFBC}") = "MasterNet.Domain", "src\MasterNet.Domain\MasterNet.Domain.csproj", "{8400D27B-1BAB-4B01-AC12-CE99F7E6E150}"
EndProject
Project("{FAE04EC0-301F-11D3-BF4B-00C04F79EFBC}") = "MasterNet.Persistence", "src\MasterNet.Persistence\MasterNet.Persistence.csproj", "{FC593D62-9720-4B01-BDCA-88BCE1D0937B}"
EndProject
Project("{FAE04EC0-301F-11D3-BF4B-00C04F79EFBC}") = "MasterNet.Application", "src\MasterNet.Application\MasterNet.Application.csproj", "{AA9247BB-3166-420B-91E0-6DED15E7E6C5}"
EndProject
Project("{FAE04EC0-301F-11D3-BF4B-00C04F79EFBC}") = "MasterNet.Infrastructure", "src\MasterNet.Infrastructure\MasterNet.Infrastructure.csproj", "{6343B291-003B-47C4-A28D-3A4D53F18424}"
EndProject
Global
	GlobalSection(SolutionConfigurationPlatforms) = preSolution
		Debug|Any CPU = Debug|Any CPU
		Release|Any CPU = Release|Any CPU
	EndGlobalSection
	GlobalSection(SolutionProperties) = preSolution
		HideSolutionNode = FALSE
	EndGlobalSection
	GlobalSection(ProjectConfigurationPlatforms) = postSolution
		{C4466223-4C58-4851-87DE-B4D183192003}.Debug|Any CPU.ActiveCfg = Debug|Any CPU
		{C4466223-4C58-4851-87DE-B4D183192003}.Debug|Any CPU.Build.0 = Debug|Any CPU
		{C4466223-4C58-4851-87DE-B4D183192003}.Release|Any CPU.ActiveCfg = Release|Any CPU
		{C4466223-4C58-4851-87DE-B4D183192003}.Release|Any CPU.Build.0 = Release|Any CPU
		{8400D27B-1BAB-4B01-AC12-CE99F7E6E150}.Debug|Any CPU.ActiveCfg = Debug|Any CPU
		{8400D27B-1BAB-4B01-AC12-CE99F7E6E150}.Debug|Any CPU.Build.0 = Debug|Any CPU
		{8400D27B-1BAB-4B01-AC12-CE99F7E6E150}.Release|Any CPU.ActiveCfg = Release|Any CPU
		{8400D27B-1BAB-4B01-AC12-CE99F7E6E150}.Release|Any CPU.Build.0 = Release|Any CPU
		{FC593D62-9720-4B01-BDCA-88BCE1D0937B}.Debug|Any CPU.ActiveCfg = Debug|Any CPU
		{FC593D62-9720-4B01-BDCA-88BCE1D0937B}.Debug|Any CPU.Build.0 = Debug|Any CPU
		{FC593D62-9720-4B01-BDCA-88BCE1D0937B}.Release|Any CPU.ActiveCfg = Release|Any CPU
		{FC593D62-9720-4B01-BDCA-88BCE1D0937B}.Release|Any CPU.Build.0 = Release|Any CPU
		{AA9247BB-3166-420B-91E0-6DED15E7E6C5}.Debug|Any CPU.ActiveCfg = Debug|Any CPU
		{AA9247BB-3166-420B-91E0-6DED15E7E6C5}.Debug|Any CPU.Build.0 = Debug|Any CPU
		{AA9247BB-3166-420B-91E0-6DED15E7E6C5}.Release|Any CPU.ActiveCfg = Release|Any CPU
		{AA9247BB-3166-420B-91E0-6DED15E7E6C5}.Release|Any CPU.Build.0 = Release|Any CPU
		{6343B291-003B-47C4-A28D-3A4D53F18424}.Debug|Any CPU.ActiveCfg = Debug|Any CPU
		{6343B291-003B-47C4-A28D-3A4D53F18424}.Debug|Any CPU.Build.0 = Debug|Any CPU
		{6343B291-003B-47C4-A28D-3A4D53F18424}.Release|Any CPU.ActiveCfg = Release|Any CPU
		{6343B291-003B-47C4-A28D-3A4D53F18424}.Release|Any CPU.Build.0 = Release|Any CPU
	EndGlobalSection
	GlobalSection(NestedProjects) = preSolution
		{C4466223-4C58-4851-87DE-B4D183192003} = {C0F51D84-F4EA-49EC-8597-B07673F3E6D9}
		{8400D27B-1BAB-4B01-AC12-CE99F7E6E150} = {C0F51D84-F4EA-49EC-8597-B07673F3E6D9}
		{FC593D62-9720-4B01-BDCA-88BCE1D0937B} = {C0F51D84-F4EA-49EC-8597-B07673F3E6D9}
		{AA9247BB-3166-420B-91E0-6DED15E7E6C5} = {C0F51D84-F4EA-49EC-8597-B07673F3E6D9}
		{6343B291-003B-47C4-A28D-3A4D53F18424} = {C0F51D84-F4EA-49EC-8597-B07673F3E6D9}
	EndGlobalSection
EndGlobal
